{
  "name": "url-shortener",
  "private": true,
  "version": "1.0.0",
  "type": "module",
  "scripts": {
    "dev": "vite",
    "build": "vite build",
    "preview": "vite preview"
  },
  "dependencies": {
    "react": "^19.1.1",
    "react-dom": "^19.1.1",
    "react-router-dom": "^7.7.1",
    "@mui/material": "^5.15.15",
    "@emotion/react": "^11.11.4",
    "@emotion/styled": "^11.11.5"
  },
  "devDependencies": {
    "@vitejs/plugin-react": "^4.2.1",
    "vite": "^6.2.0"
  }
}